{
  "originHash" : "b4879a341c0f2e3f921a99bf0ba6f6976023cd1876aaa41f11449c2cf5215f20",
  "pins" : [
    {
      "identity" : "oderopayframework",
      "kind" : "remoteSourceControl",
      "location" : "https://gitlab.com/kafatech/oderopayframework",
      "state" : {
        "revision" : "74d53b36736952afb0ca106527142ac0efebd0f2",
        "version" : "1.0.7"
      }
    }
  ],
  "version" : 3
}
