{
  "originHash" : "b4879a341c0f2e3f921a99bf0ba6f6976023cd1876aaa41f11449c2cf5215f20",
  "pins" : [
    {
      "identity" : "oderopayframework",
      "kind" : "remoteSourceControl",
      "location" : "https://gitlab.com/kafatech/oderopayframework",
      "state" : {
        "revision" : "1819ca99dd5b690e558b7265a0d39e16506441fb",
        "version" : "1.0.12"
      }
    }
  ],
  "version" : 3
}
