{
  "originHash" : "b4879a341c0f2e3f921a99bf0ba6f6976023cd1876aaa41f11449c2cf5215f20",
  "pins" : [
    {
      "identity" : "oderopayframework",
      "kind" : "remoteSourceControl",
      "location" : "https://gitlab.com/kafatech/oderopayframework",
      "state" : {
        "revision" : "997c89e4c3e9305626e9946410621afff98ce3fd",
        "version" : "1.0.14"
      }
    }
  ],
  "version" : 3
}
