// !$*UTF8*$!
{
	archiveVersion = 1;
	classes = {
	};
	objectVersion = 56;
	objects = {

/* Begin PBXBuildFile section */
		B71F557F2BF8DD69007ACC34 /* AppDelegate.m in Sources */ = {isa = PBXBuildFile; fileRef = B71F557E2BF8DD69007ACC34 /* AppDelegate.m */; };
		B71F55822BF8DD69007ACC34 /* SceneDelegate.m in Sources */ = {isa = PBXBuildFile; fileRef = B71F55812BF8DD69007ACC34 /* SceneDelegate.m */; };
		B71F55852BF8DD69007ACC34 /* ViewController.m in Sources */ = {isa = PBXBuildFile; fileRef = B71F55842BF8DD69007ACC34 /* ViewController.m */; };
		B71F55882BF8DD69007ACC34 /* Base in Resources */ = {isa = PBXBuildFile; fileRef = B71F55872BF8DD69007ACC34 /* Base */; };
		B71F558A2BF8DD6A007ACC34 /* Assets.xcassets in Resources */ = {isa = PBXBuildFile; fileRef = B71F55892BF8DD6A007ACC34 /* Assets.xcassets */; };
		B71F558D2BF8DD6A007ACC34 /* Base in Resources */ = {isa = PBXBuildFile; fileRef = B71F558C2BF8DD6A007ACC34 /* Base */; };
		B71F55902BF8DD6A007ACC34 /* main.m in Sources */ = {isa = PBXBuildFile; fileRef = B71F558F2BF8DD6A007ACC34 /* main.m */; };
		B71F559B2BF8DE29007ACC34 /* ErrorUtil.m in Sources */ = {isa = PBXBuildFile; fileRef = B71F559A2BF8DE29007ACC34 /* ErrorUtil.m */; };
/* End PBXBuildFile section */

/* Begin PBXFileReference section */
		B71F557A2BF8DD69007ACC34 /* SampleObjCProject.app */ = {isa = PBXFileReference; explicitFileType = wrapper.application; includeInIndex = 0; path = SampleObjCProject.app; sourceTree = BUILT_PRODUCTS_DIR; };
		B71F557D2BF8DD69007ACC34 /* AppDelegate.h */ = {isa = PBXFileReference; lastKnownFileType = sourcecode.c.h; path = AppDelegate.h; sourceTree = "<group>"; };
		B71F557E2BF8DD69007ACC34 /* AppDelegate.m */ = {isa = PBXFileReference; lastKnownFileType = sourcecode.c.objc; path = AppDelegate.m; sourceTree = "<group>"; };
		B71F55802BF8DD69007ACC34 /* SceneDelegate.h */ = {isa = PBXFileReference; lastKnownFileType = sourcecode.c.h; path = SceneDelegate.h; sourceTree = "<group>"; };
		B71F55812BF8DD69007ACC34 /* SceneDelegate.m */ = {isa = PBXFileReference; lastKnownFileType = sourcecode.c.objc; path = SceneDelegate.m; sourceTree = "<group>"; };
		B71F55832BF8DD69007ACC34 /* ViewController.h */ = {isa = PBXFileReference; lastKnownFileType = sourcecode.c.h; path = ViewController.h; sourceTree = "<group>"; };
		B71F55842BF8DD69007ACC34 /* ViewController.m */ = {isa = PBXFileReference; lastKnownFileType = sourcecode.c.objc; path = ViewController.m; sourceTree = "<group>"; };
		B71F55872BF8DD69007ACC34 /* Base */ = {isa = PBXFileReference; lastKnownFileType = file.storyboard; name = Base; path = Base.lproj/Main.storyboard; sourceTree = "<group>"; };
		B71F55892BF8DD6A007ACC34 /* Assets.xcassets */ = {isa = PBXFileReference; lastKnownFileType = folder.assetcatalog; path = Assets.xcassets; sourceTree = "<group>"; };
		B71F558C2BF8DD6A007ACC34 /* Base */ = {isa = PBXFileReference; lastKnownFileType = file.storyboard; name = Base; path = Base.lproj/LaunchScreen.storyboard; sourceTree = "<group>"; };
		B71F558E2BF8DD6A007ACC34 /* Info.plist */ = {isa = PBXFileReference; lastKnownFileType = text.plist.xml; path = Info.plist; sourceTree = "<group>"; };
		B71F558F2BF8DD6A007ACC34 /* main.m */ = {isa = PBXFileReference; lastKnownFileType = sourcecode.c.objc; path = main.m; sourceTree = "<group>"; };
		B71F55992BF8DE29007ACC34 /* ErrorUtil.h */ = {isa = PBXFileReference; fileEncoding = 4; lastKnownFileType = sourcecode.c.h; path = ErrorUtil.h; sourceTree = "<group>"; };
		B71F559A2BF8DE29007ACC34 /* ErrorUtil.m */ = {isa = PBXFileReference; fileEncoding = 4; lastKnownFileType = sourcecode.c.objc; path = ErrorUtil.m; sourceTree = "<group>"; };
/* End PBXFileReference section */

/* Begin PBXFrameworksBuildPhase section */
		B71F55772BF8DD69007ACC34 /* Frameworks */ = {
			isa = PBXFrameworksBuildPhase;
			buildActionMask = 2147483647;
			files = (
			);
			runOnlyForDeploymentPostprocessing = 0;
		};
/* End PBXFrameworksBuildPhase section */

/* Begin PBXGroup section */
		B71F55712BF8DD68007ACC34 = {
			isa = PBXGroup;
			children = (
				B71F557C2BF8DD69007ACC34 /* SampleObjCProject */,
				B71F557B2BF8DD69007ACC34 /* Products */,
				B71F55962BF8DE00007ACC34 /* Frameworks */,
			);
			sourceTree = "<group>";
		};
		B71F557B2BF8DD69007ACC34 /* Products */ = {
			isa = PBXGroup;
			children = (
				B71F557A2BF8DD69007ACC34 /* SampleObjCProject.app */,
			);
			name = Products;
			sourceTree = "<group>";
		};
		B71F557C2BF8DD69007ACC34 /* SampleObjCProject */ = {
			isa = PBXGroup;
			children = (
				B71F55992BF8DE29007ACC34 /* ErrorUtil.h */,
				B71F559A2BF8DE29007ACC34 /* ErrorUtil.m */,
				B71F557D2BF8DD69007ACC34 /* AppDelegate.h */,
				B71F557E2BF8DD69007ACC34 /* AppDelegate.m */,
				B71F55802BF8DD69007ACC34 /* SceneDelegate.h */,
				B71F55812BF8DD69007ACC34 /* SceneDelegate.m */,
				B71F55832BF8DD69007ACC34 /* ViewController.h */,
				B71F55842BF8DD69007ACC34 /* ViewController.m */,
				B71F55862BF8DD69007ACC34 /* Main.storyboard */,
				B71F55892BF8DD6A007ACC34 /* Assets.xcassets */,
				B71F558B2BF8DD6A007ACC34 /* LaunchScreen.storyboard */,
				B71F558E2BF8DD6A007ACC34 /* Info.plist */,
				B71F558F2BF8DD6A007ACC34 /* main.m */,
			);
			path = SampleObjCProject;
			sourceTree = "<group>";
		};
		B71F55962BF8DE00007ACC34 /* Frameworks */ = {
			isa = PBXGroup;
			children = (
			);
			name = Frameworks;
			sourceTree = "<group>";
		};
/* End PBXGroup section */

/* Begin PBXNativeTarget section */
		B71F55792BF8DD69007ACC34 /* SampleObjCProject */ = {
			isa = PBXNativeTarget;
			buildConfigurationList = B71F55932BF8DD6A007ACC34 /* Build configuration list for PBXNativeTarget "SampleObjCProject" */;
			buildPhases = (
				B71F55762BF8DD69007ACC34 /* Sources */,
				B71F55772BF8DD69007ACC34 /* Frameworks */,
				B71F55782BF8DD69007ACC34 /* Resources */,
			);
			buildRules = (
			);
			dependencies = (
			);
			name = SampleObjCProject;
			productName = SampleObjCProject;
			productReference = B71F557A2BF8DD69007ACC34 /* SampleObjCProject.app */;
			productType = "com.apple.product-type.application";
		};
/* End PBXNativeTarget section */

/* Begin PBXProject section */
		B71F55722BF8DD68007ACC34 /* Project object */ = {
			isa = PBXProject;
			attributes = {
				BuildIndependentTargetsInParallel = 1;
				LastUpgradeCheck = 1540;
				TargetAttributes = {
					B71F55792BF8DD69007ACC34 = {
						CreatedOnToolsVersion = 15.4;
					};
				};
			};
			buildConfigurationList = B71F55752BF8DD69007ACC34 /* Build configuration list for PBXProject "SampleObjCProject" */;
			compatibilityVersion = "Xcode 14.0";
			developmentRegion = en;
			hasScannedForEncodings = 0;
			knownRegions = (
				en,
				Base,
			);
			mainGroup = B71F55712BF8DD68007ACC34;
			packageReferences = (
				B71F559C2BF8F6B6007ACC34 /* XCRemoteSwiftPackageReference "oderopayframework" */,
			);
			productRefGroup = B71F557B2BF8DD69007ACC34 /* Products */;
			projectDirPath = "";
			projectRoot = "";
			targets = (
				B71F55792BF8DD69007ACC34 /* SampleObjCProject */,
			);
		};
/* End PBXProject section */

/* Begin PBXResourcesBuildPhase section */
		B71F55782BF8DD69007ACC34 /* Resources */ = {
			isa = PBXResourcesBuildPhase;
			buildActionMask = 2147483647;
			files = (
				B71F558A2BF8DD6A007ACC34 /* Assets.xcassets in Resources */,
				B71F558D2BF8DD6A007ACC34 /* Base in Resources */,
				B71F55882BF8DD69007ACC34 /* Base in Resources */,
			);
			runOnlyForDeploymentPostprocessing = 0;
		};
/* End PBXResourcesBuildPhase section */

/* Begin PBXSourcesBuildPhase section */
		B71F55762BF8DD69007ACC34 /* Sources */ = {
			isa = PBXSourcesBuildPhase;
			buildActionMask = 2147483647;
			files = (
				B71F55852BF8DD69007ACC34 /* ViewController.m in Sources */,
				B71F557F2BF8DD69007ACC34 /* AppDelegate.m in Sources */,
				B71F55902BF8DD6A007ACC34 /* main.m in Sources */,
				B71F559B2BF8DE29007ACC34 /* ErrorUtil.m in Sources */,
				B71F55822BF8DD69007ACC34 /* SceneDelegate.m in Sources */,
			);
			runOnlyForDeploymentPostprocessing = 0;
		};
/* End PBXSourcesBuildPhase section */

/* Begin PBXVariantGroup section */
		B71F55862BF8DD69007ACC34 /* Main.storyboard */ = {
			isa = PBXVariantGroup;
			children = (
				B71F55872BF8DD69007ACC34 /* Base */,
			);
			name = Main.storyboard;
			sourceTree = "<group>";
		};
		B71F558B2BF8DD6A007ACC34 /* LaunchScreen.storyboard */ = {
			isa = PBXVariantGroup;
			children = (
				B71F558C2BF8DD6A007ACC34 /* Base */,
			);
			name = LaunchScreen.storyboard;
			sourceTree = "<group>";
		};
/* End PBXVariantGroup section */

/* Begin XCBuildConfiguration section */
		B71F55912BF8DD6A007ACC34 /* Debug */ = {
			isa = XCBuildConfiguration;
			buildSettings = {
				ALWAYS_SEARCH_USER_PATHS = NO;
				ASSETCATALOG_COMPILER_GENERATE_SWIFT_ASSET_SYMBOL_EXTENSIONS = YES;
				CLANG_ANALYZER_NONNULL = YES;
				CLANG_ANALYZER_NUMBER_OBJECT_CONVERSION = YES_AGGRESSIVE;
				CLANG_CXX_LANGUAGE_STANDARD = "gnu++20";
				CLANG_ENABLE_MODULES = YES;
				CLANG_ENABLE_OBJC_ARC = YES;
				CLANG_ENABLE_OBJC_WEAK = YES;
				CLANG_WARN_BLOCK_CAPTURE_AUTORELEASING = YES;
				CLANG_WARN_BOOL_CONVERSION = YES;
				CLANG_WARN_COMMA = YES;
				CLANG_WARN_CONSTANT_CONVERSION = YES;
				CLANG_WARN_DEPRECATED_OBJC_IMPLEMENTATIONS = YES;
				CLANG_WARN_DIRECT_OBJC_ISA_USAGE = YES_ERROR;
				CLANG_WARN_DOCUMENTATION_COMMENTS = YES;
				CLANG_WARN_EMPTY_BODY = YES;
				CLANG_WARN_ENUM_CONVERSION = YES;
				CLANG_WARN_INFINITE_RECURSION = YES;
				CLANG_WARN_INT_CONVERSION = YES;
				CLANG_WARN_NON_LITERAL_NULL_CONVERSION = YES;
				CLANG_WARN_OBJC_IMPLICIT_RETAIN_SELF = YES;
				CLANG_WARN_OBJC_LITERAL_CONVERSION = YES;
				CLANG_WARN_OBJC_ROOT_CLASS = YES_ERROR;
				CLANG_WARN_QUOTED_INCLUDE_IN_FRAMEWORK_HEADER = YES;
				CLANG_WARN_RANGE_LOOP_ANALYSIS = YES;
				CLANG_WARN_STRICT_PROTOTYPES = YES;
				CLANG_WARN_SUSPICIOUS_MOVE = YES;
				CLANG_WARN_UNGUARDED_AVAILABILITY = YES_AGGRESSIVE;
				CLANG_WARN_UNREACHABLE_CODE = YES;
				CLANG_WARN__DUPLICATE_METHOD_MATCH = YES;
				COPY_PHASE_STRIP = NO;
				DEBUG_INFORMATION_FORMAT = dwarf;
				ENABLE_STRICT_OBJC_MSGSEND = YES;
				ENABLE_TESTABILITY = YES;
				ENABLE_USER_SCRIPT_SANDBOXING = YES;
				GCC_C_LANGUAGE_STANDARD = gnu17;
				GCC_DYNAMIC_NO_PIC = NO;
				GCC_NO_COMMON_BLOCKS = YES;
				GCC_OPTIMIZATION_LEVEL = 0;
				GCC_PREPROCESSOR_DEFINITIONS = (
					"DEBUG=1",
					"$(inherited)",
				);
				GCC_WARN_64_TO_32_BIT_CONVERSION = YES;
				GCC_WARN_ABOUT_RETURN_TYPE = YES_ERROR;
				GCC_WARN_UNDECLARED_SELECTOR = YES;
				GCC_WARN_UNINITIALIZED_AUTOS = YES_AGGRESSIVE;
				GCC_WARN_UNUSED_FUNCTION = YES;
				GCC_WARN_UNUSED_VARIABLE = YES;
				IPHONEOS_DEPLOYMENT_TARGET = 17.5;
				LOCALIZATION_PREFERS_STRING_CATALOGS = YES;
				MTL_ENABLE_DEBUG_INFO = INCLUDE_SOURCE;
				MTL_FAST_MATH = YES;
				ONLY_ACTIVE_ARCH = YES;
				SDKROOT = iphoneos;
			};
			name = Debug;
		};
		B71F55922BF8DD6A007ACC34 /* Release */ = {
			isa = XCBuildConfiguration;
			buildSettings = {
				ALWAYS_SEARCH_USER_PATHS = NO;
				ASSETCATALOG_COMPILER_GENERATE_SWIFT_ASSET_SYMBOL_EXTENSIONS = YES;
				CLANG_ANALYZER_NONNULL = YES;
				CLANG_ANALYZER_NUMBER_OBJECT_CONVERSION = YES_AGGRESSIVE;
				CLANG_CXX_LANGUAGE_STANDARD = "gnu++20";
				CLANG_ENABLE_MODULES = YES;
				CLANG_ENABLE_OBJC_ARC = YES;
				CLANG_ENABLE_OBJC_WEAK = YES;
				CLANG_WARN_BLOCK_CAPTURE_AUTORELEASING = YES;
				CLANG_WARN_BOOL_CONVERSION = YES;
				CLANG_WARN_COMMA = YES;
				CLANG_WARN_CONSTANT_CONVERSION = YES;
				CLANG_WARN_DEPRECATED_OBJC_IMPLEMENTATIONS = YES;
				CLANG_WARN_DIRECT_OBJC_ISA_USAGE = YES_ERROR;
				CLANG_WARN_DOCUMENTATION_COMMENTS = YES;
				CLANG_WARN_EMPTY_BODY = YES;
				CLANG_WARN_ENUM_CONVERSION = YES;
				CLANG_WARN_INFINITE_RECURSION = YES;
				CLANG_WARN_INT_CONVERSION = YES;
				CLANG_WARN_NON_LITERAL_NULL_CONVERSION = YES;
				CLANG_WARN_OBJC_IMPLICIT_RETAIN_SELF = YES;
				CLANG_WARN_OBJC_LITERAL_CONVERSION = YES;
				CLANG_WARN_OBJC_ROOT_CLASS = YES_ERROR;
				CLANG_WARN_QUOTED_INCLUDE_IN_FRAMEWORK_HEADER = YES;
				CLANG_WARN_RANGE_LOOP_ANALYSIS = YES;
				CLANG_WARN_STRICT_PROTOTYPES = YES;
				CLANG_WARN_SUSPICIOUS_MOVE = YES;
				CLANG_WARN_UNGUARDED_AVAILABILITY = YES_AGGRESSIVE;
				CLANG_WARN_UNREACHABLE_CODE = YES;
				CLANG_WARN__DUPLICATE_METHOD_MATCH = YES;
				COPY_PHASE_STRIP = NO;
				DEBUG_INFORMATION_FORMAT = "dwarf-with-dsym";
				ENABLE_NS_ASSERTIONS = NO;
				ENABLE_STRICT_OBJC_MSGSEND = YES;
				ENABLE_USER_SCRIPT_SANDBOXING = YES;
				GCC_C_LANGUAGE_STANDARD = gnu17;
				GCC_NO_COMMON_BLOCKS = YES;
				GCC_WARN_64_TO_32_BIT_CONVERSION = YES;
				GCC_WARN_ABOUT_RETURN_TYPE = YES_ERROR;
				GCC_WARN_UNDECLARED_SELECTOR = YES;
				GCC_WARN_UNINITIALIZED_AUTOS = YES_AGGRESSIVE;
				GCC_WARN_UNUSED_FUNCTION = YES;
				GCC_WARN_UNUSED_VARIABLE = YES;
				IPHONEOS_DEPLOYMENT_TARGET = 17.5;
				LOCALIZATION_PREFERS_STRING_CATALOGS = YES;
				MTL_ENABLE_DEBUG_INFO = NO;
				MTL_FAST_MATH = YES;
				SDKROOT = iphoneos;
				VALIDATE_PRODUCT = YES;
			};
			name = Release;
		};
		B71F55942BF8DD6A007ACC34 /* Debug */ = {
			isa = XCBuildConfiguration;
			buildSettings = {
				ASSETCATALOG_COMPILER_APPICON_NAME = AppIcon;
				ASSETCATALOG_COMPILER_GLOBAL_ACCENT_COLOR_NAME = AccentColor;
				CODE_SIGN_STYLE = Automatic;
				CURRENT_PROJECT_VERSION = 1;
				GENERATE_INFOPLIST_FILE = YES;
				INFOPLIST_FILE = SampleObjCProject/Info.plist;
				INFOPLIST_KEY_UIApplicationSupportsIndirectInputEvents = YES;
				INFOPLIST_KEY_UILaunchStoryboardName = LaunchScreen;
				INFOPLIST_KEY_UIMainStoryboardFile = Main;
				INFOPLIST_KEY_UISupportedInterfaceOrientations_iPad = "UIInterfaceOrientationPortrait UIInterfaceOrientationPortraitUpsideDown UIInterfaceOrientationLandscapeLeft UIInterfaceOrientationLandscapeRight";
				INFOPLIST_KEY_UISupportedInterfaceOrientations_iPhone = "UIInterfaceOrientationPortrait UIInterfaceOrientationLandscapeLeft UIInterfaceOrientationLandscapeRight";
				LD_RUNPATH_SEARCH_PATHS = (
					"$(inherited)",
					"@executable_path/Frameworks",
				);
				MARKETING_VERSION = 1.0;
				PRODUCT_BUNDLE_IDENTIFIER = com.kafatech.objc.test.SampleObjCProject;
				PRODUCT_NAME = "$(TARGET_NAME)";
				SWIFT_EMIT_LOC_STRINGS = YES;
				TARGETED_DEVICE_FAMILY = "1,2";
			};
			name = Debug;
		};
		B71F55952BF8DD6A007ACC34 /* Release */ = {
			isa = XCBuildConfiguration;
			buildSettings = {
				ASSETCATALOG_COMPILER_APPICON_NAME = AppIcon;
				ASSETCATALOG_COMPILER_GLOBAL_ACCENT_COLOR_NAME = AccentColor;
				CODE_SIGN_STYLE = Automatic;
				CURRENT_PROJECT_VERSION = 1;
				GENERATE_INFOPLIST_FILE = YES;
				INFOPLIST_FILE = SampleObjCProject/Info.plist;
				INFOPLIST_KEY_UIApplicationSupportsIndirectInputEvents = YES;
				INFOPLIST_KEY_UILaunchStoryboardName = LaunchScreen;
				INFOPLIST_KEY_UIMainStoryboardFile = Main;
				INFOPLIST_KEY_UISupportedInterfaceOrientations_iPad = "UIInterfaceOrientationPortrait UIInterfaceOrientationPortraitUpsideDown UIInterfaceOrientationLandscapeLeft UIInterfaceOrientationLandscapeRight";
				INFOPLIST_KEY_UISupportedInterfaceOrientations_iPhone = "UIInterfaceOrientationPortrait UIInterfaceOrientationLandscapeLeft UIInterfaceOrientationLandscapeRight";
				LD_RUNPATH_SEARCH_PATHS = (
					"$(inherited)",
					"@executable_path/Frameworks",
				);
				MARKETING_VERSION = 1.0;
				PRODUCT_BUNDLE_IDENTIFIER = com.kafatech.objc.test.SampleObjCProject;
				PRODUCT_NAME = "$(TARGET_NAME)";
				SWIFT_EMIT_LOC_STRINGS = YES;
				TARGETED_DEVICE_FAMILY = "1,2";
			};
			name = Release;
		};
/* End XCBuildConfiguration section */

/* Begin XCConfigurationList section */
		B71F55752BF8DD69007ACC34 /* Build configuration list for PBXProject "SampleObjCProject" */ = {
			isa = XCConfigurationList;
			buildConfigurations = (
				B71F55912BF8DD6A007ACC34 /* Debug */,
				B71F55922BF8DD6A007ACC34 /* Release */,
			);
			defaultConfigurationIsVisible = 0;
			defaultConfigurationName = Release;
		};
		B71F55932BF8DD6A007ACC34 /* Build configuration list for PBXNativeTarget "SampleObjCProject" */ = {
			isa = XCConfigurationList;
			buildConfigurations = (
				B71F55942BF8DD6A007ACC34 /* Debug */,
				B71F55952BF8DD6A007ACC34 /* Release */,
			);
			defaultConfigurationIsVisible = 0;
			defaultConfigurationName = Release;
		};
/* End XCConfigurationList section */

/* Begin XCRemoteSwiftPackageReference section */
		B71F559C2BF8F6B6007ACC34 /* XCRemoteSwiftPackageReference "oderopayframework" */ = {
			isa = XCRemoteSwiftPackageReference;
			repositoryURL = "https://gitlab.com/kafatech/oderopayframework";
			requirement = {
				kind = upToNextMajorVersion;
				minimumVersion = 1.0.1;
			};
		};
/* End XCRemoteSwiftPackageReference section */
	};
	rootObject = B71F55722BF8DD68007ACC34 /* Project object */;
}
